
Microsoft Visual Studio Solution File, Format Version 12.00
# Visual Studio Version 17
VisualStudioVersion = 17.8.34330.188
MinimumVisualStudioVersion = 10.0.40219.1
Project("{FAE04EC0-301F-11D3-BF4B-00C04F79EFBC}") = "WebApiBitTech", "WebApiBitTech\WebApiBitTech.csproj", "{9CEBC7B4-B209-42DE-8E08-9A0968EFDC1C}"
EndProject
Project("{FAE04EC0-301F-11D3-BF4B-00C04F79EFBC}") = "WebApiBitTech.Domain", "WebApiBitTech.Domain\WebApiBitTech.Domain.csproj", "{42FC592F-1848-4AE7-A718-BF2BAD2D37FE}"
EndProject
Project("{FAE04EC0-301F-11D3-BF4B-00C04F79EFBC}") = "WebApiBitTech.Application", "WebApiBitTech.Application\WebApiBitTech.Application.csproj", "{E4820CDA-3413-4273-92FF-841ACF2B1705}"
EndProject
Project("{FAE04EC0-301F-11D3-BF4B-00C04F79EFBC}") = "WebApiBitTech.Infrastructure", "WebApiBitTech.Infrastructure\WebApiBitTech.Infrastructure.csproj", "{07FAD4B5-344A-49FF-BD5A-827376FF5754}"
EndProject
Global
	GlobalSection(SolutionConfigurationPlatforms) = preSolution
		Debug|Any CPU = Debug|Any CPU
		Release|Any CPU = Release|Any CPU
	EndGlobalSection
	GlobalSection(ProjectConfigurationPlatforms) = postSolution
		{9CEBC7B4-B209-42DE-8E08-9A0968EFDC1C}.Debug|Any CPU.ActiveCfg = Debug|Any CPU
		{9CEBC7B4-B209-42DE-8E08-9A0968EFDC1C}.Debug|Any CPU.Build.0 = Debug|Any CPU
		{9CEBC7B4-B209-42DE-8E08-9A0968EFDC1C}.Release|Any CPU.ActiveCfg = Release|Any CPU
		{9CEBC7B4-B209-42DE-8E08-9A0968EFDC1C}.Release|Any CPU.Build.0 = Release|Any CPU
		{42FC592F-1848-4AE7-A718-BF2BAD2D37FE}.Debug|Any CPU.ActiveCfg = Debug|Any CPU
		{42FC592F-1848-4AE7-A718-BF2BAD2D37FE}.Debug|Any CPU.Build.0 = Debug|Any CPU
		{42FC592F-1848-4AE7-A718-BF2BAD2D37FE}.Release|Any CPU.ActiveCfg = Release|Any CPU
		{42FC592F-1848-4AE7-A718-BF2BAD2D37FE}.Release|Any CPU.Build.0 = Release|Any CPU
		{E4820CDA-3413-4273-92FF-841ACF2B1705}.Debug|Any CPU.ActiveCfg = Debug|Any CPU
		{E4820CDA-3413-4273-92FF-841ACF2B1705}.Debug|Any CPU.Build.0 = Debug|Any CPU
		{E4820CDA-3413-4273-92FF-841ACF2B1705}.Release|Any CPU.ActiveCfg = Release|Any CPU
		{E4820CDA-3413-4273-92FF-841ACF2B1705}.Release|Any CPU.Build.0 = Release|Any CPU
		{07FAD4B5-344A-49FF-BD5A-827376FF5754}.Debug|Any CPU.ActiveCfg = Debug|Any CPU
		{07FAD4B5-344A-49FF-BD5A-827376FF5754}.Debug|Any CPU.Build.0 = Debug|Any CPU
		{07FAD4B5-344A-49FF-BD5A-827376FF5754}.Release|Any CPU.ActiveCfg = Release|Any CPU
		{07FAD4B5-344A-49FF-BD5A-827376FF5754}.Release|Any CPU.Build.0 = Release|Any CPU
	EndGlobalSection
	GlobalSection(SolutionProperties) = preSolution
		HideSolutionNode = FALSE
	EndGlobalSection
	GlobalSection(ExtensibilityGlobals) = postSolution
		SolutionGuid = {C2D3D8BA-84E4-4236-8EDD-DEF72EE37287}
	EndGlobalSection
EndGlobal
